
Microsoft Visual Studio Solution File, Format Version 12.00
# Visual Studio 2013
VisualStudioVersion = 12.0.30110.0
MinimumVisualStudioVersion = 10.0.40219.1
Project("{FAE04EC0-301F-11D3-BF4B-00C04F79EFBC}") = "MVC5EF6Glimpse", "MVC5EF6Glimpse\MVC5EF6Glimpse.csproj", "{819A9258-61F1-426A-A69F-9F350B082923}"
EndProject
Project("{2150E333-8FDC-42A3-9474-1A3956D46DE8}") = ".nuget", ".nuget", "{5C57F52D-92C1-4A90-8DA1-7ED649115365}"
	ProjectSection(SolutionItems) = preProject
		.nuget\NuGet.Config = .nuget\NuGet.Config
		.nuget\NuGet.exe = .nuget\NuGet.exe
		.nuget\NuGet.targets = .nuget\NuGet.targets
	EndProjectSection
EndProject
Global
	GlobalSection(SolutionConfigurationPlatforms) = preSolution
		Debug|Any CPU = Debug|Any CPU
		Release|Any CPU = Release|Any CPU
	EndGlobalSection
	GlobalSection(ProjectConfigurationPlatforms) = postSolution
		{819A9258-61F1-426A-A69F-9F350B082923}.Debug|Any CPU.ActiveCfg = Debug|Any CPU
		{819A9258-61F1-426A-A69F-9F350B082923}.Debug|Any CPU.Build.0 = Debug|Any CPU
		{819A9258-61F1-426A-A69F-9F350B082923}.Release|Any CPU.ActiveCfg = Release|Any CPU
		{819A9258-61F1-426A-A69F-9F350B082923}.Release|Any CPU.Build.0 = Release|Any CPU
	EndGlobalSection
	GlobalSection(SolutionProperties) = preSolution
		HideSolutionNode = FALSE
	EndGlobalSection
EndGlobal
